// !$*UTF8*$!
{
	archiveVersion = 1;
	classes = {
	};
	objectVersion = 55;
	objects = {

/* Begin PBXBuildFile section */
		453F3099280CAF02008FA672 /* SwiftUICharts in Frameworks */ = {isa = PBXBuildFile; productRef = 453F3098280CAF02008FA672 /* SwiftUICharts */; };
		453F309B280CC144008FA672 /* ExerciseTutorialView.swift in Sources */ = {isa = PBXBuildFile; fileRef = 453F309A280CC144008FA672 /* ExerciseTutorialView.swift */; };
		454756B52807766B0033623A /* TabBar.swift in Sources */ = {isa = PBXBuildFile; fileRef = 454756B42807766B0033623A /* TabBar.swift */; };
		454756B7280776890033623A /* HomeView.swift in Sources */ = {isa = PBXBuildFile; fileRef = 454756B6280776890033623A /* HomeView.swift */; };
		454756B9280776A40033623A /* ProgressView.swift in Sources */ = {isa = PBXBuildFile; fileRef = 454756B8280776A40033623A /* ProgressView.swift */; };
		454756BB280776BC0033623A /* NewSessionView.swift in Sources */ = {isa = PBXBuildFile; fileRef = 454756BA280776BC0033623A /* NewSessionView.swift */; };
		454756BD280776DB0033623A /* SettingsView.swift in Sources */ = {isa = PBXBuildFile; fileRef = 454756BC280776DB0033623A /* SettingsView.swift */; };
		454756BF280778010033623A /* SessionDetailView.swift in Sources */ = {isa = PBXBuildFile; fileRef = 454756BE280778010033623A /* SessionDetailView.swift */; };
		454756C1280778280033623A /* ExerciseDetailView.swift in Sources */ = {isa = PBXBuildFile; fileRef = 454756C0280778280033623A /* ExerciseDetailView.swift */; };
		454756C32807784C0033623A /* GymSessionCard.swift in Sources */ = {isa = PBXBuildFile; fileRef = 454756C22807784C0033623A /* GymSessionCard.swift */; };
		454756C52807786B0033623A /* GymSessionList.swift in Sources */ = {isa = PBXBuildFile; fileRef = 454756C42807786B0033623A /* GymSessionList.swift */; };
		454756C72807788C0033623A /* GymSessionMuscleImages.swift in Sources */ = {isa = PBXBuildFile; fileRef = 454756C62807788C0033623A /* GymSessionMuscleImages.swift */; };
		454756CF28077A680033623A /* SetsListView.swift in Sources */ = {isa = PBXBuildFile; fileRef = 454756CE28077A680033623A /* SetsListView.swift */; };
		4549173E2800E2040022ED0B /* GymAppProApp.swift in Sources */ = {isa = PBXBuildFile; fileRef = 4549173D2800E2040022ED0B /* GymAppProApp.swift */; };
		454917402800E2040022ED0B /* ContentView.swift in Sources */ = {isa = PBXBuildFile; fileRef = 4549173F2800E2040022ED0B /* ContentView.swift */; };
		454917422800E2040022ED0B /* Assets.xcassets in Resources */ = {isa = PBXBuildFile; fileRef = 454917412800E2040022ED0B /* Assets.xcassets */; };
		454917452800E2040022ED0B /* Preview Assets.xcassets in Resources */ = {isa = PBXBuildFile; fileRef = 454917442800E2040022ED0B /* Preview Assets.xcassets */; };
		4557F8522808D3AE00AB853A /* NewExerciseView.swift in Sources */ = {isa = PBXBuildFile; fileRef = 4557F8512808D3AE00AB853A /* NewExerciseView.swift */; };
		4562305B2853EBC300B381DA /* Muscle_and_Image_utilities.swift in Sources */ = {isa = PBXBuildFile; fileRef = 4562305A2853EBC300B381DA /* Muscle_and_Image_utilities.swift */; };
		456F9B1A2849531200BF5DA4 /* CoreDataManager.swift in Sources */ = {isa = PBXBuildFile; fileRef = 456F9B192849531200BF5DA4 /* CoreDataManager.swift */; };
		4571D98128511F490043FBAE /* GymAppProCoreDataModel.xcdatamodeld in Sources */ = {isa = PBXBuildFile; fileRef = 4571D97F28511F490043FBAE /* GymAppProCoreDataModel.xcdatamodeld */; };
		4571D984285121F40043FBAE /* SessionEntityExtension.swift in Sources */ = {isa = PBXBuildFile; fileRef = 4571D983285121F40043FBAE /* SessionEntityExtension.swift */; };
		4571D9862851222D0043FBAE /* ExerciseEntityExtension.swift in Sources */ = {isa = PBXBuildFile; fileRef = 4571D9852851222D0043FBAE /* ExerciseEntityExtension.swift */; };
		4571D988285122520043FBAE /* SetEntityExtension.swift in Sources */ = {isa = PBXBuildFile; fileRef = 4571D987285122520043FBAE /* SetEntityExtension.swift */; };
		4571D98A285122F90043FBAE /* ViewModel.swift in Sources */ = {isa = PBXBuildFile; fileRef = 4571D989285122F90043FBAE /* ViewModel.swift */; };
		4574D26228525DE6004A0D80 /* NewSetView.swift in Sources */ = {isa = PBXBuildFile; fileRef = 4574D26128525DE6004A0D80 /* NewSetView.swift */; };
/* End PBXBuildFile section */

/* Begin PBXFileReference section */
		453F309A280CC144008FA672 /* ExerciseTutorialView.swift */ = {isa = PBXFileReference; lastKnownFileType = sourcecode.swift; path = ExerciseTutorialView.swift; sourceTree = "<group>"; };
		454756B42807766B0033623A /* TabBar.swift */ = {isa = PBXFileReference; lastKnownFileType = sourcecode.swift; path = TabBar.swift; sourceTree = "<group>"; };
		454756B6280776890033623A /* HomeView.swift */ = {isa = PBXFileReference; lastKnownFileType = sourcecode.swift; path = HomeView.swift; sourceTree = "<group>"; };
		454756B8280776A40033623A /* ProgressView.swift */ = {isa = PBXFileReference; lastKnownFileType = sourcecode.swift; path = ProgressView.swift; sourceTree = "<group>"; };
		454756BA280776BC0033623A /* NewSessionView.swift */ = {isa = PBXFileReference; lastKnownFileType = sourcecode.swift; path = NewSessionView.swift; sourceTree = "<group>"; };
		454756BC280776DB0033623A /* SettingsView.swift */ = {isa = PBXFileReference; lastKnownFileType = sourcecode.swift; path = SettingsView.swift; sourceTree = "<group>"; };
		454756BE280778010033623A /* SessionDetailView.swift */ = {isa = PBXFileReference; lastKnownFileType = sourcecode.swift; path = SessionDetailView.swift; sourceTree = "<group>"; };
		454756C0280778280033623A /* ExerciseDetailView.swift */ = {isa = PBXFileReference; lastKnownFileType = sourcecode.swift; path = ExerciseDetailView.swift; sourceTree = "<group>"; };
		454756C22807784C0033623A /* GymSessionCard.swift */ = {isa = PBXFileReference; lastKnownFileType = sourcecode.swift; path = GymSessionCard.swift; sourceTree = "<group>"; };
		454756C42807786B0033623A /* GymSessionList.swift */ = {isa = PBXFileReference; lastKnownFileType = sourcecode.swift; path = GymSessionList.swift; sourceTree = "<group>"; };
		454756C62807788C0033623A /* GymSessionMuscleImages.swift */ = {isa = PBXFileReference; lastKnownFileType = sourcecode.swift; path = GymSessionMuscleImages.swift; sourceTree = "<group>"; };
		454756CE28077A680033623A /* SetsListView.swift */ = {isa = PBXFileReference; lastKnownFileType = sourcecode.swift; path = SetsListView.swift; sourceTree = "<group>"; };
		4549173A2800E2040022ED0B /* GymAppPro.app */ = {isa = PBXFileReference; explicitFileType = wrapper.application; includeInIndex = 0; path = GymAppPro.app; sourceTree = BUILT_PRODUCTS_DIR; };
		4549173D2800E2040022ED0B /* GymAppProApp.swift */ = {isa = PBXFileReference; lastKnownFileType = sourcecode.swift; path = GymAppProApp.swift; sourceTree = "<group>"; };
		4549173F2800E2040022ED0B /* ContentView.swift */ = {isa = PBXFileReference; lastKnownFileType = sourcecode.swift; path = ContentView.swift; sourceTree = "<group>"; };
		454917412800E2040022ED0B /* Assets.xcassets */ = {isa = PBXFileReference; lastKnownFileType = folder.assetcatalog; path = Assets.xcassets; sourceTree = "<group>"; };
		454917442800E2040022ED0B /* Preview Assets.xcassets */ = {isa = PBXFileReference; lastKnownFileType = folder.assetcatalog; path = "Preview Assets.xcassets"; sourceTree = "<group>"; };
		4557F8512808D3AE00AB853A /* NewExerciseView.swift */ = {isa = PBXFileReference; lastKnownFileType = sourcecode.swift; path = NewExerciseView.swift; sourceTree = "<group>"; };
		4562305A2853EBC300B381DA /* Muscle_and_Image_utilities.swift */ = {isa = PBXFileReference; lastKnownFileType = sourcecode.swift; path = Muscle_and_Image_utilities.swift; sourceTree = "<group>"; };
		456F9B192849531200BF5DA4 /* CoreDataManager.swift */ = {isa = PBXFileReference; lastKnownFileType = sourcecode.swift; path = CoreDataManager.swift; sourceTree = "<group>"; };
		4571D98028511F490043FBAE /* GymAppProCoreDataModel.xcdatamodel */ = {isa = PBXFileReference; lastKnownFileType = wrapper.xcdatamodel; path = GymAppProCoreDataModel.xcdatamodel; sourceTree = "<group>"; };
		4571D983285121F40043FBAE /* SessionEntityExtension.swift */ = {isa = PBXFileReference; lastKnownFileType = sourcecode.swift; path = SessionEntityExtension.swift; sourceTree = "<group>"; };
		4571D9852851222D0043FBAE /* ExerciseEntityExtension.swift */ = {isa = PBXFileReference; lastKnownFileType = sourcecode.swift; path = ExerciseEntityExtension.swift; sourceTree = "<group>"; };
		4571D987285122520043FBAE /* SetEntityExtension.swift */ = {isa = PBXFileReference; lastKnownFileType = sourcecode.swift; path = SetEntityExtension.swift; sourceTree = "<group>"; };
		4571D989285122F90043FBAE /* ViewModel.swift */ = {isa = PBXFileReference; lastKnownFileType = sourcecode.swift; path = ViewModel.swift; sourceTree = "<group>"; };
		4574D26128525DE6004A0D80 /* NewSetView.swift */ = {isa = PBXFileReference; lastKnownFileType = sourcecode.swift; path = NewSetView.swift; sourceTree = "<group>"; };
/* End PBXFileReference section */

/* Begin PBXFrameworksBuildPhase section */
		454917372800E2040022ED0B /* Frameworks */ = {
			isa = PBXFrameworksBuildPhase;
			buildActionMask = 2147483647;
			files = (
				453F3099280CAF02008FA672 /* SwiftUICharts in Frameworks */,
			);
			runOnlyForDeploymentPostprocessing = 0;
		};
/* End PBXFrameworksBuildPhase section */

/* Begin PBXGroup section */
		454756AE280775D90033623A /* Views */ = {
			isa = PBXGroup;
			children = (
				454756B1280776150033623A /* Main */,
				454756B22807761D0033623A /* Detail */,
				454756B3280776280033623A /* Components */,
			);
			path = Views;
			sourceTree = "<group>";
		};
		454756AF280775EE0033623A /* ViewModels */ = {
			isa = PBXGroup;
			children = (
				456F9B192849531200BF5DA4 /* CoreDataManager.swift */,
				4571D989285122F90043FBAE /* ViewModel.swift */,
			);
			path = ViewModels;
			sourceTree = "<group>";
		};
		454756B0280775FC0033623A /* Models */ = {
			isa = PBXGroup;
			children = (
				4571D97F28511F490043FBAE /* GymAppProCoreDataModel.xcdatamodeld */,
			);
			path = Models;
			sourceTree = "<group>";
		};
		454756B1280776150033623A /* Main */ = {
			isa = PBXGroup;
			children = (
				4549173F2800E2040022ED0B /* ContentView.swift */,
				454756B42807766B0033623A /* TabBar.swift */,
				454756B6280776890033623A /* HomeView.swift */,
				454756B8280776A40033623A /* ProgressView.swift */,
				454756BA280776BC0033623A /* NewSessionView.swift */,
				454756BC280776DB0033623A /* SettingsView.swift */,
				453F309A280CC144008FA672 /* ExerciseTutorialView.swift */,
			);
			path = Main;
			sourceTree = "<group>";
		};
		454756B22807761D0033623A /* Detail */ = {
			isa = PBXGroup;
			children = (
				454756BE280778010033623A /* SessionDetailView.swift */,
				454756C0280778280033623A /* ExerciseDetailView.swift */,
				4557F8512808D3AE00AB853A /* NewExerciseView.swift */,
			);
			path = Detail;
			sourceTree = "<group>";
		};
		454756B3280776280033623A /* Components */ = {
			isa = PBXGroup;
			children = (
				454756C22807784C0033623A /* GymSessionCard.swift */,
				454756C42807786B0033623A /* GymSessionList.swift */,
				454756C62807788C0033623A /* GymSessionMuscleImages.swift */,
				454756CE28077A680033623A /* SetsListView.swift */,
				4574D26128525DE6004A0D80 /* NewSetView.swift */,
			);
			path = Components;
			sourceTree = "<group>";
		};
		454917312800E2040022ED0B = {
			isa = PBXGroup;
			children = (
				4549173C2800E2040022ED0B /* GymAppPro */,
				4549173B2800E2040022ED0B /* Products */,
			);
			sourceTree = "<group>";
		};
		4549173B2800E2040022ED0B /* Products */ = {
			isa = PBXGroup;
			children = (
				4549173A2800E2040022ED0B /* GymAppPro.app */,
			);
			name = Products;
			sourceTree = "<group>";
		};
		4549173C2800E2040022ED0B /* GymAppPro */ = {
			isa = PBXGroup;
			children = (
				4549173D2800E2040022ED0B /* GymAppProApp.swift */,
				456230592853EB9600B381DA /* Muscle_and_Image_utilities */,
				454756AE280775D90033623A /* Views */,
				4571D982285121BC0043FBAE /* EntityExtensions */,
				454756AF280775EE0033623A /* ViewModels */,
				454756B0280775FC0033623A /* Models */,
				454917412800E2040022ED0B /* Assets.xcassets */,
				454917432800E2040022ED0B /* Preview Content */,
			);
			path = GymAppPro;
			sourceTree = "<group>";
		};
		454917432800E2040022ED0B /* Preview Content */ = {
			isa = PBXGroup;
			children = (
				454917442800E2040022ED0B /* Preview Assets.xcassets */,
			);
			path = "Preview Content";
			sourceTree = "<group>";
		};
		456230592853EB9600B381DA /* Muscle_and_Image_utilities */ = {
			isa = PBXGroup;
			children = (
				4562305A2853EBC300B381DA /* Muscle_and_Image_utilities.swift */,
			);
			path = Muscle_and_Image_utilities;
			sourceTree = "<group>";
		};
		4571D982285121BC0043FBAE /* EntityExtensions */ = {
			isa = PBXGroup;
			children = (
				4571D983285121F40043FBAE /* SessionEntityExtension.swift */,
				4571D9852851222D0043FBAE /* ExerciseEntityExtension.swift */,
				4571D987285122520043FBAE /* SetEntityExtension.swift */,
			);
			path = EntityExtensions;
			sourceTree = "<group>";
		};
/* End PBXGroup section */

/* Begin PBXNativeTarget section */
		454917392800E2040022ED0B /* GymAppPro */ = {
			isa = PBXNativeTarget;
			buildConfigurationList = 4549174D2800E2040022ED0B /* Build configuration list for PBXNativeTarget "GymAppPro" */;
			buildPhases = (
				454917362800E2040022ED0B /* Sources */,
				454917372800E2040022ED0B /* Frameworks */,
				454917382800E2040022ED0B /* Resources */,
			);
			buildRules = (
			);
			dependencies = (
			);
			name = GymAppPro;
			packageProductDependencies = (
				453F3098280CAF02008FA672 /* SwiftUICharts */,
			);
			productName = GymAppPro;
			productReference = 4549173A2800E2040022ED0B /* GymAppPro.app */;
			productType = "com.apple.product-type.application";
		};
/* End PBXNativeTarget section */

/* Begin PBXProject section */
		454917322800E2040022ED0B /* Project object */ = {
			isa = PBXProject;
			attributes = {
				BuildIndependentTargetsInParallel = 1;
				LastSwiftUpdateCheck = 1320;
				LastUpgradeCheck = 1320;
				TargetAttributes = {
					454917392800E2040022ED0B = {
						CreatedOnToolsVersion = 13.2.1;
					};
				};
			};
			buildConfigurationList = 454917352800E2040022ED0B /* Build configuration list for PBXProject "GymAppPro" */;
			compatibilityVersion = "Xcode 13.0";
			developmentRegion = en;
			hasScannedForEncodings = 0;
			knownRegions = (
				en,
				Base,
			);
			mainGroup = 454917312800E2040022ED0B;
			packageReferences = (
				453F3097280CAF02008FA672 /* XCRemoteSwiftPackageReference "ChartView" */,
			);
			productRefGroup = 4549173B2800E2040022ED0B /* Products */;
			projectDirPath = "";
			projectRoot = "";
			targets = (
				454917392800E2040022ED0B /* GymAppPro */,
			);
		};
/* End PBXProject section */

/* Begin PBXResourcesBuildPhase section */
		454917382800E2040022ED0B /* Resources */ = {
			isa = PBXResourcesBuildPhase;
			buildActionMask = 2147483647;
			files = (
				454917452800E2040022ED0B /* Preview Assets.xcassets in Resources */,
				454917422800E2040022ED0B /* Assets.xcassets in Resources */,
			);
			runOnlyForDeploymentPostprocessing = 0;
		};
/* End PBXResourcesBuildPhase section */

/* Begin PBXSourcesBuildPhase section */
		454917362800E2040022ED0B /* Sources */ = {
			isa = PBXSourcesBuildPhase;
			buildActionMask = 2147483647;
			files = (
				453F309B280CC144008FA672 /* ExerciseTutorialView.swift in Sources */,
				454756BB280776BC0033623A /* NewSessionView.swift in Sources */,
				454756C32807784C0033623A /* GymSessionCard.swift in Sources */,
				454756BD280776DB0033623A /* SettingsView.swift in Sources */,
				4571D984285121F40043FBAE /* SessionEntityExtension.swift in Sources */,
				456F9B1A2849531200BF5DA4 /* CoreDataManager.swift in Sources */,
				454917402800E2040022ED0B /* ContentView.swift in Sources */,
				454756C52807786B0033623A /* GymSessionList.swift in Sources */,
				454756B7280776890033623A /* HomeView.swift in Sources */,
				4571D988285122520043FBAE /* SetEntityExtension.swift in Sources */,
				454756BF280778010033623A /* SessionDetailView.swift in Sources */,
				454756B9280776A40033623A /* ProgressView.swift in Sources */,
				454756C1280778280033623A /* ExerciseDetailView.swift in Sources */,
				454756CF28077A680033623A /* SetsListView.swift in Sources */,
				4562305B2853EBC300B381DA /* Muscle_and_Image_utilities.swift in Sources */,
				4557F8522808D3AE00AB853A /* NewExerciseView.swift in Sources */,
				4571D9862851222D0043FBAE /* ExerciseEntityExtension.swift in Sources */,
				454756C72807788C0033623A /* GymSessionMuscleImages.swift in Sources */,
				4549173E2800E2040022ED0B /* GymAppProApp.swift in Sources */,
				4571D98128511F490043FBAE /* GymAppProCoreDataModel.xcdatamodeld in Sources */,
				4571D98A285122F90043FBAE /* ViewModel.swift in Sources */,
				4574D26228525DE6004A0D80 /* NewSetView.swift in Sources */,
				454756B52807766B0033623A /* TabBar.swift in Sources */,
			);
			runOnlyForDeploymentPostprocessing = 0;
		};
/* End PBXSourcesBuildPhase section */

/* Begin XCBuildConfiguration section */
		4549174B2800E2040022ED0B /* Debug */ = {
			isa = XCBuildConfiguration;
			buildSettings = {
				ALWAYS_SEARCH_USER_PATHS = NO;
				CLANG_ANALYZER_NONNULL = YES;
				CLANG_ANALYZER_NUMBER_OBJECT_CONVERSION = YES_AGGRESSIVE;
				CLANG_CXX_LANGUAGE_STANDARD = "gnu++17";
				CLANG_CXX_LIBRARY = "libc++";
				CLANG_ENABLE_MODULES = YES;
				CLANG_ENABLE_OBJC_ARC = YES;
				CLANG_ENABLE_OBJC_WEAK = YES;
				CLANG_WARN_BLOCK_CAPTURE_AUTORELEASING = YES;
				CLANG_WARN_BOOL_CONVERSION = YES;
				CLANG_WARN_COMMA = YES;
				CLANG_WARN_CONSTANT_CONVERSION = YES;
				CLANG_WARN_DEPRECATED_OBJC_IMPLEMENTATIONS = YES;
				CLANG_WARN_DIRECT_OBJC_ISA_USAGE = YES_ERROR;
				CLANG_WARN_DOCUMENTATION_COMMENTS = YES;
				CLANG_WARN_EMPTY_BODY = YES;
				CLANG_WARN_ENUM_CONVERSION = YES;
				CLANG_WARN_INFINITE_RECURSION = YES;
				CLANG_WARN_INT_CONVERSION = YES;
				CLANG_WARN_NON_LITERAL_NULL_CONVERSION = YES;
				CLANG_WARN_OBJC_IMPLICIT_RETAIN_SELF = YES;
				CLANG_WARN_OBJC_LITERAL_CONVERSION = YES;
				CLANG_WARN_OBJC_ROOT_CLASS = YES_ERROR;
				CLANG_WARN_QUOTED_INCLUDE_IN_FRAMEWORK_HEADER = YES;
				CLANG_WARN_RANGE_LOOP_ANALYSIS = YES;
				CLANG_WARN_STRICT_PROTOTYPES = YES;
				CLANG_WARN_SUSPICIOUS_MOVE = YES;
				CLANG_WARN_UNGUARDED_AVAILABILITY = YES_AGGRESSIVE;
				CLANG_WARN_UNREACHABLE_CODE = YES;
				CLANG_WARN__DUPLICATE_METHOD_MATCH = YES;
				COPY_PHASE_STRIP = NO;
				DEBUG_INFORMATION_FORMAT = dwarf;
				ENABLE_STRICT_OBJC_MSGSEND = YES;
				ENABLE_TESTABILITY = YES;
				GCC_C_LANGUAGE_STANDARD = gnu11;
				GCC_DYNAMIC_NO_PIC = NO;
				GCC_NO_COMMON_BLOCKS = YES;
				GCC_OPTIMIZATION_LEVEL = 0;
				GCC_PREPROCESSOR_DEFINITIONS = (
					"DEBUG=1",
					"$(inherited)",
				);
				GCC_WARN_64_TO_32_BIT_CONVERSION = YES;
				GCC_WARN_ABOUT_RETURN_TYPE = YES_ERROR;
				GCC_WARN_UNDECLARED_SELECTOR = YES;
				GCC_WARN_UNINITIALIZED_AUTOS = YES_AGGRESSIVE;
				GCC_WARN_UNUSED_FUNCTION = YES;
				GCC_WARN_UNUSED_VARIABLE = YES;
				IPHONEOS_DEPLOYMENT_TARGET = 15.2;
				MTL_ENABLE_DEBUG_INFO = INCLUDE_SOURCE;
				MTL_FAST_MATH = YES;
				ONLY_ACTIVE_ARCH = YES;
				SDKROOT = iphoneos;
				SWIFT_ACTIVE_COMPILATION_CONDITIONS = DEBUG;
				SWIFT_OPTIMIZATION_LEVEL = "-Onone";
			};
			name = Debug;
		};
		4549174C2800E2040022ED0B /* Release */ = {
			isa = XCBuildConfiguration;
			buildSettings = {
				ALWAYS_SEARCH_USER_PATHS = NO;
				CLANG_ANALYZER_NONNULL = YES;
				CLANG_ANALYZER_NUMBER_OBJECT_CONVERSION = YES_AGGRESSIVE;
				CLANG_CXX_LANGUAGE_STANDARD = "gnu++17";
				CLANG_CXX_LIBRARY = "libc++";
				CLANG_ENABLE_MODULES = YES;
				CLANG_ENABLE_OBJC_ARC = YES;
				CLANG_ENABLE_OBJC_WEAK = YES;
				CLANG_WARN_BLOCK_CAPTURE_AUTORELEASING = YES;
				CLANG_WARN_BOOL_CONVERSION = YES;
				CLANG_WARN_COMMA = YES;
				CLANG_WARN_CONSTANT_CONVERSION = YES;
				CLANG_WARN_DEPRECATED_OBJC_IMPLEMENTATIONS = YES;
				CLANG_WARN_DIRECT_OBJC_ISA_USAGE = YES_ERROR;
				CLANG_WARN_DOCUMENTATION_COMMENTS = YES;
				CLANG_WARN_EMPTY_BODY = YES;
				CLANG_WARN_ENUM_CONVERSION = YES;
				CLANG_WARN_INFINITE_RECURSION = YES;
				CLANG_WARN_INT_CONVERSION = YES;
				CLANG_WARN_NON_LITERAL_NULL_CONVERSION = YES;
				CLANG_WARN_OBJC_IMPLICIT_RETAIN_SELF = YES;
				CLANG_WARN_OBJC_LITERAL_CONVERSION = YES;
				CLANG_WARN_OBJC_ROOT_CLASS = YES_ERROR;
				CLANG_WARN_QUOTED_INCLUDE_IN_FRAMEWORK_HEADER = YES;
				CLANG_WARN_RANGE_LOOP_ANALYSIS = YES;
				CLANG_WARN_STRICT_PROTOTYPES = YES;
				CLANG_WARN_SUSPICIOUS_MOVE = YES;
				CLANG_WARN_UNGUARDED_AVAILABILITY = YES_AGGRESSIVE;
				CLANG_WARN_UNREACHABLE_CODE = YES;
				CLANG_WARN__DUPLICATE_METHOD_MATCH = YES;
				COPY_PHASE_STRIP = NO;
				DEBUG_INFORMATION_FORMAT = "dwarf-with-dsym";
				ENABLE_NS_ASSERTIONS = NO;
				ENABLE_STRICT_OBJC_MSGSEND = YES;
				GCC_C_LANGUAGE_STANDARD = gnu11;
				GCC_NO_COMMON_BLOCKS = YES;
				GCC_WARN_64_TO_32_BIT_CONVERSION = YES;
				GCC_WARN_ABOUT_RETURN_TYPE = YES_ERROR;
				GCC_WARN_UNDECLARED_SELECTOR = YES;
				GCC_WARN_UNINITIALIZED_AUTOS = YES_AGGRESSIVE;
				GCC_WARN_UNUSED_FUNCTION = YES;
				GCC_WARN_UNUSED_VARIABLE = YES;
				IPHONEOS_DEPLOYMENT_TARGET = 15.2;
				MTL_ENABLE_DEBUG_INFO = NO;
				MTL_FAST_MATH = YES;
				SDKROOT = iphoneos;
				SWIFT_COMPILATION_MODE = wholemodule;
				SWIFT_OPTIMIZATION_LEVEL = "-O";
				VALIDATE_PRODUCT = YES;
			};
			name = Release;
		};
		4549174E2800E2040022ED0B /* Debug */ = {
			isa = XCBuildConfiguration;
			buildSettings = {
				ASSETCATALOG_COMPILER_APPICON_NAME = AppIcon;
				ASSETCATALOG_COMPILER_GLOBAL_ACCENT_COLOR_NAME = AccentColor;
				CODE_SIGN_STYLE = Automatic;
				CURRENT_PROJECT_VERSION = 1;
				DEVELOPMENT_ASSET_PATHS = "\"GymAppPro/Preview Content\"";
				DEVELOPMENT_TEAM = W95B5TW28L;
				ENABLE_PREVIEWS = YES;
				GENERATE_INFOPLIST_FILE = YES;
				INFOPLIST_KEY_UIApplicationSceneManifest_Generation = YES;
				INFOPLIST_KEY_UIApplicationSupportsIndirectInputEvents = YES;
				INFOPLIST_KEY_UILaunchScreen_Generation = YES;
				INFOPLIST_KEY_UISupportedInterfaceOrientations_iPad = "UIInterfaceOrientationPortrait UIInterfaceOrientationPortraitUpsideDown UIInterfaceOrientationLandscapeLeft UIInterfaceOrientationLandscapeRight";
				INFOPLIST_KEY_UISupportedInterfaceOrientations_iPhone = "UIInterfaceOrientationPortrait UIInterfaceOrientationLandscapeLeft UIInterfaceOrientationLandscapeRight";
				LD_RUNPATH_SEARCH_PATHS = (
					"$(inherited)",
					"@executable_path/Frameworks",
				);
				MARKETING_VERSION = 1.0;
				PRODUCT_BUNDLE_IDENTIFIER = Hassane.GymAppPro;
				PRODUCT_NAME = "$(TARGET_NAME)";
				SWIFT_EMIT_LOC_STRINGS = YES;
				SWIFT_VERSION = 5.0;
				TARGETED_DEVICE_FAMILY = "1,2";
			};
			name = Debug;
		};
		4549174F2800E2040022ED0B /* Release */ = {
			isa = XCBuildConfiguration;
			buildSettings = {
				ASSETCATALOG_COMPILER_APPICON_NAME = AppIcon;
				ASSETCATALOG_COMPILER_GLOBAL_ACCENT_COLOR_NAME = AccentColor;
				CODE_SIGN_STYLE = Automatic;
				CURRENT_PROJECT_VERSION = 1;
				DEVELOPMENT_ASSET_PATHS = "\"GymAppPro/Preview Content\"";
				DEVELOPMENT_TEAM = W95B5TW28L;
				ENABLE_PREVIEWS = YES;
				GENERATE_INFOPLIST_FILE = YES;
				INFOPLIST_KEY_UIApplicationSceneManifest_Generation = YES;
				INFOPLIST_KEY_UIApplicationSupportsIndirectInputEvents = YES;
				INFOPLIST_KEY_UILaunchScreen_Generation = YES;
				INFOPLIST_KEY_UISupportedInterfaceOrientations_iPad = "UIInterfaceOrientationPortrait UIInterfaceOrientationPortraitUpsideDown UIInterfaceOrientationLandscapeLeft UIInterfaceOrientationLandscapeRight";
				INFOPLIST_KEY_UISupportedInterfaceOrientations_iPhone = "UIInterfaceOrientationPortrait UIInterfaceOrientationLandscapeLeft UIInterfaceOrientationLandscapeRight";
				LD_RUNPATH_SEARCH_PATHS = (
					"$(inherited)",
					"@executable_path/Frameworks",
				);
				MARKETING_VERSION = 1.0;
				PRODUCT_BUNDLE_IDENTIFIER = Hassane.GymAppPro;
				PRODUCT_NAME = "$(TARGET_NAME)";
				SWIFT_EMIT_LOC_STRINGS = YES;
				SWIFT_VERSION = 5.0;
				TARGETED_DEVICE_FAMILY = "1,2";
			};
			name = Release;
		};
/* End XCBuildConfiguration section */

/* Begin XCConfigurationList section */
		454917352800E2040022ED0B /* Build configuration list for PBXProject "GymAppPro" */ = {
			isa = XCConfigurationList;
			buildConfigurations = (
				4549174B2800E2040022ED0B /* Debug */,
				4549174C2800E2040022ED0B /* Release */,
			);
			defaultConfigurationIsVisible = 0;
			defaultConfigurationName = Release;
		};
		4549174D2800E2040022ED0B /* Build configuration list for PBXNativeTarget "GymAppPro" */ = {
			isa = XCConfigurationList;
			buildConfigurations = (
				4549174E2800E2040022ED0B /* Debug */,
				4549174F2800E2040022ED0B /* Release */,
			);
			defaultConfigurationIsVisible = 0;
			defaultConfigurationName = Release;
		};
/* End XCConfigurationList section */

/* Begin XCRemoteSwiftPackageReference section */
		453F3097280CAF02008FA672 /* XCRemoteSwiftPackageReference "ChartView" */ = {
			isa = XCRemoteSwiftPackageReference;
			repositoryURL = "https://github.com/AppPear/ChartView";
			requirement = {
				kind = upToNextMajorVersion;
				minimumVersion = 1.0.0;
			};
		};
/* End XCRemoteSwiftPackageReference section */

/* Begin XCSwiftPackageProductDependency section */
		453F3098280CAF02008FA672 /* SwiftUICharts */ = {
			isa = XCSwiftPackageProductDependency;
			package = 453F3097280CAF02008FA672 /* XCRemoteSwiftPackageReference "ChartView" */;
			productName = SwiftUICharts;
		};
/* End XCSwiftPackageProductDependency section */

/* Begin XCVersionGroup section */
		4571D97F28511F490043FBAE /* GymAppProCoreDataModel.xcdatamodeld */ = {
			isa = XCVersionGroup;
			children = (
				4571D98028511F490043FBAE /* GymAppProCoreDataModel.xcdatamodel */,
			);
			currentVersion = 4571D98028511F490043FBAE /* GymAppProCoreDataModel.xcdatamodel */;
			path = GymAppProCoreDataModel.xcdatamodeld;
			sourceTree = "<group>";
			versionGroupType = wrapper.xcdatamodel;
		};
/* End XCVersionGroup section */
	};
	rootObject = 454917322800E2040022ED0B /* Project object */;
}
